
Microsoft Visual Studio Solution File, Format Version 12.00
# Visual Studio Version 17
VisualStudioVersion = 17.3.32929.385
MinimumVisualStudioVersion = 10.0.40219.1
Project("{FAE04EC0-301F-11D3-BF4B-00C04F79EFBC}") = "Api.Auth", "Api.Auth\Api.Auth.csproj", "{50F66443-59D1-476F-8442-896685316DAA}"
EndProject
Global
	GlobalSection(SolutionConfigurationPlatforms) = preSolution
		Debug|Any CPU = Debug|Any CPU
		Release|Any CPU = Release|Any CPU
	EndGlobalSection
	GlobalSection(ProjectConfigurationPlatforms) = postSolution
		{50F66443-59D1-476F-8442-896685316DAA}.Debug|Any CPU.ActiveCfg = Debug|Any CPU
		{50F66443-59D1-476F-8442-896685316DAA}.Debug|Any CPU.Build.0 = Debug|Any CPU
		{50F66443-59D1-476F-8442-896685316DAA}.Release|Any CPU.ActiveCfg = Release|Any CPU
		{50F66443-59D1-476F-8442-896685316DAA}.Release|Any CPU.Build.0 = Release|Any CPU
	EndGlobalSection
	GlobalSection(SolutionProperties) = preSolution
		HideSolutionNode = FALSE
	EndGlobalSection
	GlobalSection(ExtensibilityGlobals) = postSolution
		SolutionGuid = {EAC3F9B1-A6C9-491E-8DA5-C14A0C659164}
	EndGlobalSection
EndGlobal
